# @generated by Move, please check-in and do not edit manually.

[move]
version = 3
manifest_digest = "CC088E120ACDA0663BCB2A6AA5B1F259B0728BAA98CE1D3930BA509C89B0AD0C"
deps_digest = "F8BBB0CCB2491CA29A3DF03D6F92277A4F3574266507ACD77214D37ECA3F3082"
dependencies = [
  { id = "Sui", name = "Sui" },
]

[[move.package]]
id = "MoveStdlib"
source = { git = "https://github.com/MystenLabs/sui.git", rev = "framework/testnet", subdir = "crates/sui-framework/packages/move-stdlib" }

[[move.package]]
id = "Sui"
source = { git = "https://github.com/MystenLabs/sui.git", rev = "framework/testnet", subdir = "crates/sui-framework/packages/sui-framework" }

dependencies = [
  { id = "MoveStdlib", name = "MoveStdlib" },
]

[move.toolchain-version]
compiler-version = "1.39.0"
edition = "2024.beta"
flavor = "sui"

[env]

[env.devnet]
chain-id = "54f83c42"
original-published-id = "0x17343d12b46b0ca2069e49c0bcd6f820ad6615b4893ddc97ae8e2e52f7eb81d4"
latest-published-id = "0x17343d12b46b0ca2069e49c0bcd6f820ad6615b4893ddc97ae8e2e52f7eb81d4"
published-version = "1"
